
Microsoft Visual Studio Solution File, Format Version 12.00
# Visual Studio Version 16
VisualStudioVersion = 16.0.29613.14
MinimumVisualStudioVersion = 10.0.40219.1
Project("{FAE04EC0-301F-11D3-BF4B-00C04F79EFBC}") = "APIAutenticacaoJWT", "APIAutenticacaoJWT\APIAutenticacaoJWT.csproj", "{1C98F7FB-C124-4F6B-BD16-E33B2D24CC8C}"
EndProject
Global
	GlobalSection(SolutionConfigurationPlatforms) = preSolution
		Debug|Any CPU = Debug|Any CPU
		Release|Any CPU = Release|Any CPU
	EndGlobalSection
	GlobalSection(ProjectConfigurationPlatforms) = postSolution
		{1C98F7FB-C124-4F6B-BD16-E33B2D24CC8C}.Debug|Any CPU.ActiveCfg = Debug|Any CPU
		{1C98F7FB-C124-4F6B-BD16-E33B2D24CC8C}.Debug|Any CPU.Build.0 = Debug|Any CPU
		{1C98F7FB-C124-4F6B-BD16-E33B2D24CC8C}.Release|Any CPU.ActiveCfg = Release|Any CPU
		{1C98F7FB-C124-4F6B-BD16-E33B2D24CC8C}.Release|Any CPU.Build.0 = Release|Any CPU
	EndGlobalSection
	GlobalSection(SolutionProperties) = preSolution
		HideSolutionNode = FALSE
	EndGlobalSection
	GlobalSection(ExtensibilityGlobals) = postSolution
		SolutionGuid = {473C0D6D-FDB4-4A11-89F2-0AC27D753301}
	EndGlobalSection
EndGlobal
